// !$*UTF8*$!
{
	archiveVersion = 1;
	classes = {
	};
	objectVersion = 46;
	objects = {

/* Begin PBXBuildFile section */
		724E95231A797781006AB494 /* AppDelegate.swift in Sources */ = {isa = PBXBuildFile; fileRef = 724E95221A797781006AB494 /* AppDelegate.swift */; };
		724E95251A797781006AB494 /* ViewController.swift in Sources */ = {isa = PBXBuildFile; fileRef = 724E95241A797781006AB494 /* ViewController.swift */; };
		724E95281A797781006AB494 /* Main.storyboard in Resources */ = {isa = PBXBuildFile; fileRef = 724E95261A797781006AB494 /* Main.storyboard */; };
		724E952A1A797781006AB494 /* Images.xcassets in Resources */ = {isa = PBXBuildFile; fileRef = 724E95291A797781006AB494 /* Images.xcassets */; };
		724E952D1A797781006AB494 /* LaunchScreen.xib in Resources */ = {isa = PBXBuildFile; fileRef = 724E952B1A797781006AB494 /* LaunchScreen.xib */; };
		724E95391A797781006AB494 /* SlotMachineTests.swift in Sources */ = {isa = PBXBuildFile; fileRef = 724E95381A797781006AB494 /* SlotMachineTests.swift */; };
/* End PBXBuildFile section */

/* Begin PBXContainerItemProxy section */
		724E95331A797781006AB494 /* PBXContainerItemProxy */ = {
			isa = PBXContainerItemProxy;
			containerPortal = 724E95151A797781006AB494 /* Project object */;
			proxyType = 1;
			remoteGlobalIDString = 724E951C1A797781006AB494;
			remoteInfo = SlotMachine;
		};
/* End PBXContainerItemProxy section */

/* Begin PBXFileReference section */
		724E951D1A797781006AB494 /* SlotMachine.app */ = {isa = PBXFileReference; explicitFileType = wrapper.application; includeInIndex = 0; path = SlotMachine.app; sourceTree = BUILT_PRODUCTS_DIR; };
		724E95211A797781006AB494 /* Info.plist */ = {isa = PBXFileReference; lastKnownFileType = text.plist.xml; path = Info.plist; sourceTree = "<group>"; };
		724E95221A797781006AB494 /* AppDelegate.swift */ = {isa = PBXFileReference; lastKnownFileType = sourcecode.swift; path = AppDelegate.swift; sourceTree = "<group>"; };
		724E95241A797781006AB494 /* ViewController.swift */ = {isa = PBXFileReference; lastKnownFileType = sourcecode.swift; path = ViewController.swift; sourceTree = "<group>"; };
		724E95271A797781006AB494 /* Base */ = {isa = PBXFileReference; lastKnownFileType = file.storyboard; name = Base; path = Base.lproj/Main.storyboard; sourceTree = "<group>"; };
		724E95291A797781006AB494 /* Images.xcassets */ = {isa = PBXFileReference; lastKnownFileType = folder.assetcatalog; path = Images.xcassets; sourceTree = "<group>"; };
		724E952C1A797781006AB494 /* Base */ = {isa = PBXFileReference; lastKnownFileType = file.xib; name = Base; path = Base.lproj/LaunchScreen.xib; sourceTree = "<group>"; };
		724E95321A797781006AB494 /* SlotMachineTests.xctest */ = {isa = PBXFileReference; explicitFileType = wrapper.cfbundle; includeInIndex = 0; path = SlotMachineTests.xctest; sourceTree = BUILT_PRODUCTS_DIR; };
		724E95371A797781006AB494 /* Info.plist */ = {isa = PBXFileReference; lastKnownFileType = text.plist.xml; path = Info.plist; sourceTree = "<group>"; };
		724E95381A797781006AB494 /* SlotMachineTests.swift */ = {isa = PBXFileReference; lastKnownFileType = sourcecode.swift; path = SlotMachineTests.swift; sourceTree = "<group>"; };
/* End PBXFileReference section */

/* Begin PBXFrameworksBuildPhase section */
		724E951A1A797781006AB494 /* Frameworks */ = {
			isa = PBXFrameworksBuildPhase;
			buildActionMask = 2147483647;
			files = (
			);
			runOnlyForDeploymentPostprocessing = 0;
		};
		724E952F1A797781006AB494 /* Frameworks */ = {
			isa = PBXFrameworksBuildPhase;
			buildActionMask = 2147483647;
			files = (
			);
			runOnlyForDeploymentPostprocessing = 0;
		};
/* End PBXFrameworksBuildPhase section */

/* Begin PBXGroup section */
		724E95141A797781006AB494 = {
			isa = PBXGroup;
			children = (
				724E951F1A797781006AB494 /* SlotMachine */,
				724E95351A797781006AB494 /* SlotMachineTests */,
				724E951E1A797781006AB494 /* Products */,
			);
			sourceTree = "<group>";
		};
		724E951E1A797781006AB494 /* Products */ = {
			isa = PBXGroup;
			children = (
				724E951D1A797781006AB494 /* SlotMachine.app */,
				724E95321A797781006AB494 /* SlotMachineTests.xctest */,
			);
			name = Products;
			sourceTree = "<group>";
		};
		724E951F1A797781006AB494 /* SlotMachine */ = {
			isa = PBXGroup;
			children = (
				724E95221A797781006AB494 /* AppDelegate.swift */,
				724E95241A797781006AB494 /* ViewController.swift */,
				724E95261A797781006AB494 /* Main.storyboard */,
				724E95291A797781006AB494 /* Images.xcassets */,
				724E952B1A797781006AB494 /* LaunchScreen.xib */,
				724E95201A797781006AB494 /* Supporting Files */,
			);
			path = SlotMachine;
			sourceTree = "<group>";
		};
		724E95201A797781006AB494 /* Supporting Files */ = {
			isa = PBXGroup;
			children = (
				724E95211A797781006AB494 /* Info.plist */,
			);
			name = "Supporting Files";
			sourceTree = "<group>";
		};
		724E95351A797781006AB494 /* SlotMachineTests */ = {
			isa = PBXGroup;
			children = (
				724E95381A797781006AB494 /* SlotMachineTests.swift */,
				724E95361A797781006AB494 /* Supporting Files */,
			);
			path = SlotMachineTests;
			sourceTree = "<group>";
		};
		724E95361A797781006AB494 /* Supporting Files */ = {
			isa = PBXGroup;
			children = (
				724E95371A797781006AB494 /* Info.plist */,
			);
			name = "Supporting Files";
			sourceTree = "<group>";
		};
/* End PBXGroup section */

/* Begin PBXNativeTarget section */
		724E951C1A797781006AB494 /* SlotMachine */ = {
			isa = PBXNativeTarget;
			buildConfigurationList = 724E953C1A797781006AB494 /* Build configuration list for PBXNativeTarget "SlotMachine" */;
			buildPhases = (
				724E95191A797781006AB494 /* Sources */,
				724E951A1A797781006AB494 /* Frameworks */,
				724E951B1A797781006AB494 /* Resources */,
			);
			buildRules = (
			);
			dependencies = (
			);
			name = SlotMachine;
			productName = SlotMachine;
			productReference = 724E951D1A797781006AB494 /* SlotMachine.app */;
			productType = "com.apple.product-type.application";
		};
		724E95311A797781006AB494 /* SlotMachineTests */ = {
			isa = PBXNativeTarget;
			buildConfigurationList = 724E953F1A797781006AB494 /* Build configuration list for PBXNativeTarget "SlotMachineTests" */;
			buildPhases = (
				724E952E1A797781006AB494 /* Sources */,
				724E952F1A797781006AB494 /* Frameworks */,
				724E95301A797781006AB494 /* Resources */,
			);
			buildRules = (
			);
			dependencies = (
				724E95341A797781006AB494 /* PBXTargetDependency */,
			);
			name = SlotMachineTests;
			productName = SlotMachineTests;
			productReference = 724E95321A797781006AB494 /* SlotMachineTests.xctest */;
			productType = "com.apple.product-type.bundle.unit-test";
		};
/* End PBXNativeTarget section */

/* Begin PBXProject section */
		724E95151A797781006AB494 /* Project object */ = {
			isa = PBXProject;
			attributes = {
				LastUpgradeCheck = 0610;
				ORGANIZATIONNAME = "Charles Eison";
				TargetAttributes = {
					724E951C1A797781006AB494 = {
						CreatedOnToolsVersion = 6.1.1;
					};
					724E95311A797781006AB494 = {
						CreatedOnToolsVersion = 6.1.1;
						TestTargetID = 724E951C1A797781006AB494;
					};
				};
			};
			buildConfigurationList = 724E95181A797781006AB494 /* Build configuration list for PBXProject "SlotMachine" */;
			compatibilityVersion = "Xcode 3.2";
			developmentRegion = English;
			hasScannedForEncodings = 0;
			knownRegions = (
				en,
				Base,
			);
			mainGroup = 724E95141A797781006AB494;
			productRefGroup = 724E951E1A797781006AB494 /* Products */;
			projectDirPath = "";
			projectRoot = "";
			targets = (
				724E951C1A797781006AB494 /* SlotMachine */,
				724E95311A797781006AB494 /* SlotMachineTests */,
			);
		};
/* End PBXProject section */

/* Begin PBXResourcesBuildPhase section */
		724E951B1A797781006AB494 /* Resources */ = {
			isa = PBXResourcesBuildPhase;
			buildActionMask = 2147483647;
			files = (
				724E95281A797781006AB494 /* Main.storyboard in Resources */,
				724E952D1A797781006AB494 /* LaunchScreen.xib in Resources */,
				724E952A1A797781006AB494 /* Images.xcassets in Resources */,
			);
			runOnlyForDeploymentPostprocessing = 0;
		};
		724E95301A797781006AB494 /* Resources */ = {
			isa = PBXResourcesBuildPhase;
			buildActionMask = 2147483647;
			files = (
			);
			runOnlyForDeploymentPostprocessing = 0;
		};
/* End PBXResourcesBuildPhase section */

/* Begin PBXSourcesBuildPhase section */
		724E95191A797781006AB494 /* Sources */ = {
			isa = PBXSourcesBuildPhase;
			buildActionMask = 2147483647;
			files = (
				724E95251A797781006AB494 /* ViewController.swift in Sources */,
				724E95231A797781006AB494 /* AppDelegate.swift in Sources */,
			);
			runOnlyForDeploymentPostprocessing = 0;
		};
		724E952E1A797781006AB494 /* Sources */ = {
			isa = PBXSourcesBuildPhase;
			buildActionMask = 2147483647;
			files = (
				724E95391A797781006AB494 /* SlotMachineTests.swift in Sources */,
			);
			runOnlyForDeploymentPostprocessing = 0;
		};
/* End PBXSourcesBuildPhase section */

/* Begin PBXTargetDependency section */
		724E95341A797781006AB494 /* PBXTargetDependency */ = {
			isa = PBXTargetDependency;
			target = 724E951C1A797781006AB494 /* SlotMachine */;
			targetProxy = 724E95331A797781006AB494 /* PBXContainerItemProxy */;
		};
/* End PBXTargetDependency section */

/* Begin PBXVariantGroup section */
		724E95261A797781006AB494 /* Main.storyboard */ = {
			isa = PBXVariantGroup;
			children = (
				724E95271A797781006AB494 /* Base */,
			);
			name = Main.storyboard;
			sourceTree = "<group>";
		};
		724E952B1A797781006AB494 /* LaunchScreen.xib */ = {
			isa = PBXVariantGroup;
			children = (
				724E952C1A797781006AB494 /* Base */,
			);
			name = LaunchScreen.xib;
			sourceTree = "<group>";
		};
/* End PBXVariantGroup section */

/* Begin XCBuildConfiguration section */
		724E953A1A797781006AB494 /* Debug */ = {
			isa = XCBuildConfiguration;
			buildSettings = {
				ALWAYS_SEARCH_USER_PATHS = NO;
				CLANG_CXX_LANGUAGE_STANDARD = "gnu++0x";
				CLANG_CXX_LIBRARY = "libc++";
				CLANG_ENABLE_MODULES = YES;
				CLANG_ENABLE_OBJC_ARC = YES;
				CLANG_WARN_BOOL_CONVERSION = YES;
				CLANG_WARN_CONSTANT_CONVERSION = YES;
				CLANG_WARN_DIRECT_OBJC_ISA_USAGE = YES_ERROR;
				CLANG_WARN_EMPTY_BODY = YES;
				CLANG_WARN_ENUM_CONVERSION = YES;
				CLANG_WARN_INT_CONVERSION = YES;
				CLANG_WARN_OBJC_ROOT_CLASS = YES_ERROR;
				CLANG_WARN_UNREACHABLE_CODE = YES;
				CLANG_WARN__DUPLICATE_METHOD_MATCH = YES;
				"CODE_SIGN_IDENTITY[sdk=iphoneos*]" = "iPhone Developer";
				COPY_PHASE_STRIP = NO;
				ENABLE_STRICT_OBJC_MSGSEND = YES;
				GCC_C_LANGUAGE_STANDARD = gnu99;
				GCC_DYNAMIC_NO_PIC = NO;
				GCC_OPTIMIZATION_LEVEL = 0;
				GCC_PREPROCESSOR_DEFINITIONS = (
					"DEBUG=1",
					"$(inherited)",
				);
				GCC_SYMBOLS_PRIVATE_EXTERN = NO;
				GCC_WARN_64_TO_32_BIT_CONVERSION = YES;
				GCC_WARN_ABOUT_RETURN_TYPE = YES_ERROR;
				GCC_WARN_UNDECLARED_SELECTOR = YES;
				GCC_WARN_UNINITIALIZED_AUTOS = YES_AGGRESSIVE;
				GCC_WARN_UNUSED_FUNCTION = YES;
				GCC_WARN_UNUSED_VARIABLE = YES;
				IPHONEOS_DEPLOYMENT_TARGET = 8.1;
				MTL_ENABLE_DEBUG_INFO = YES;
				ONLY_ACTIVE_ARCH = YES;
				SDKROOT = iphoneos;
				SWIFT_OPTIMIZATION_LEVEL = "-Onone";
				TARGETED_DEVICE_FAMILY = "1,2";
			};
			name = Debug;
		};
		724E953B1A797781006AB494 /* Release */ = {
			isa = XCBuildConfiguration;
			buildSettings = {
				ALWAYS_SEARCH_USER_PATHS = NO;
				CLANG_CXX_LANGUAGE_STANDARD = "gnu++0x";
				CLANG_CXX_LIBRARY = "libc++";
				CLANG_ENABLE_MODULES = YES;
				CLANG_ENABLE_OBJC_ARC = YES;
				CLANG_WARN_BOOL_CONVERSION = YES;
				CLANG_WARN_CONSTANT_CONVERSION = YES;
				CLANG_WARN_DIRECT_OBJC_ISA_USAGE = YES_ERROR;
				CLANG_WARN_EMPTY_BODY = YES;
				CLANG_WARN_ENUM_CONVERSION = YES;
				CLANG_WARN_INT_CONVERSION = YES;
				CLANG_WARN_OBJC_ROOT_CLASS = YES_ERROR;
				CLANG_WARN_UNREACHABLE_CODE = YES;
				CLANG_WARN__DUPLICATE_METHOD_MATCH = YES;
				"CODE_SIGN_IDENTITY[sdk=iphoneos*]" = "iPhone Developer";
				COPY_PHASE_STRIP = YES;
				ENABLE_NS_ASSERTIONS = NO;
				ENABLE_STRICT_OBJC_MSGSEND = YES;
				GCC_C_LANGUAGE_STANDARD = gnu99;
				GCC_WARN_64_TO_32_BIT_CONVERSION = YES;
				GCC_WARN_ABOUT_RETURN_TYPE = YES_ERROR;
				GCC_WARN_UNDECLARED_SELECTOR = YES;
				GCC_WARN_UNINITIALIZED_AUTOS = YES_AGGRESSIVE;
				GCC_WARN_UNUSED_FUNCTION = YES;
				GCC_WARN_UNUSED_VARIABLE = YES;
				IPHONEOS_DEPLOYMENT_TARGET = 8.1;
				MTL_ENABLE_DEBUG_INFO = NO;
				SDKROOT = iphoneos;
				TARGETED_DEVICE_FAMILY = "1,2";
				VALIDATE_PRODUCT = YES;
			};
			name = Release;
		};
		724E953D1A797781006AB494 /* Debug */ = {
			isa = XCBuildConfiguration;
			buildSettings = {
				ASSETCATALOG_COMPILER_APPICON_NAME = AppIcon;
				INFOPLIST_FILE = SlotMachine/Info.plist;
				LD_RUNPATH_SEARCH_PATHS = "$(inherited) @executable_path/Frameworks";
				PRODUCT_NAME = "$(TARGET_NAME)";
			};
			name = Debug;
		};
		724E953E1A797781006AB494 /* Release */ = {
			isa = XCBuildConfiguration;
			buildSettings = {
				ASSETCATALOG_COMPILER_APPICON_NAME = AppIcon;
				INFOPLIST_FILE = SlotMachine/Info.plist;
				LD_RUNPATH_SEARCH_PATHS = "$(inherited) @executable_path/Frameworks";
				PRODUCT_NAME = "$(TARGET_NAME)";
			};
			name = Release;
		};
		724E95401A797781006AB494 /* Debug */ = {
			isa = XCBuildConfiguration;
			buildSettings = {
				BUNDLE_LOADER = "$(TEST_HOST)";
				FRAMEWORK_SEARCH_PATHS = (
					"$(SDKROOT)/Developer/Library/Frameworks",
					"$(inherited)",
				);
				GCC_PREPROCESSOR_DEFINITIONS = (
					"DEBUG=1",
					"$(inherited)",
				);
				INFOPLIST_FILE = SlotMachineTests/Info.plist;
				LD_RUNPATH_SEARCH_PATHS = "$(inherited) @executable_path/Frameworks @loader_path/Frameworks";
				PRODUCT_NAME = "$(TARGET_NAME)";
				TEST_HOST = "$(BUILT_PRODUCTS_DIR)/SlotMachine.app/SlotMachine";
			};
			name = Debug;
		};
		724E95411A797781006AB494 /* Release */ = {
			isa = XCBuildConfiguration;
			buildSettings = {
				BUNDLE_LOADER = "$(TEST_HOST)";
				FRAMEWORK_SEARCH_PATHS = (
					"$(SDKROOT)/Developer/Library/Frameworks",
					"$(inherited)",
				);
				INFOPLIST_FILE = SlotMachineTests/Info.plist;
				LD_RUNPATH_SEARCH_PATHS = "$(inherited) @executable_path/Frameworks @loader_path/Frameworks";
				PRODUCT_NAME = "$(TARGET_NAME)";
				TEST_HOST = "$(BUILT_PRODUCTS_DIR)/SlotMachine.app/SlotMachine";
			};
			name = Release;
		};
/* End XCBuildConfiguration section */

/* Begin XCConfigurationList section */
		724E95181A797781006AB494 /* Build configuration list for PBXProject "SlotMachine" */ = {
			isa = XCConfigurationList;
			buildConfigurations = (
				724E953A1A797781006AB494 /* Debug */,
				724E953B1A797781006AB494 /* Release */,
			);
			defaultConfigurationIsVisible = 0;
			defaultConfigurationName = Release;
		};
		724E953C1A797781006AB494 /* Build configuration list for PBXNativeTarget "SlotMachine" */ = {
			isa = XCConfigurationList;
			buildConfigurations = (
				724E953D1A797781006AB494 /* Debug */,
				724E953E1A797781006AB494 /* Release */,
			);
			defaultConfigurationIsVisible = 0;
		};
		724E953F1A797781006AB494 /* Build configuration list for PBXNativeTarget "SlotMachineTests" */ = {
			isa = XCConfigurationList;
			buildConfigurations = (
				724E95401A797781006AB494 /* Debug */,
				724E95411A797781006AB494 /* Release */,
			);
			defaultConfigurationIsVisible = 0;
		};
/* End XCConfigurationList section */
	};
	rootObject = 724E95151A797781006AB494 /* Project object */;
}
